{
  "requires": true,
  "lockfileVersion": 1,
  "dependencies": {
    "@types/jasmine": {
      "version": "3.6.3",
      "resolved": "https://registry.npmjs.org/@types/jasmine/-/jasmine-3.6.3.tgz",
      "integrity": "sha512-5QKAG8WfC9XrOgYLXPrxv1G2IIUE6zDyzTWamhNWJO0LqPRUbZ0q0zGHDhDJ7MpFloUuyME/jpBIdPjq3/P3jA=="
    }
  }
}
